{
  "originHash" : "0c84af99b0e6c4508c8f19f7ad9ca03bb90e142a76a91efcb2c4f83f4cd67a6b",
  "pins" : [
    {
      "identity" : "duet",
      "kind" : "remoteSourceControl",
      "location" : "https://github.com/modaal-agent/duet.git",
      "state" : {
        "revision" : "2b6d9ef3040e56858fcc1c9c09c0cabd5203ff97",
        "version" : "0.1.0"
      }
    },
    {
      "identity" : "swift-syntax",
      "kind" : "remoteSourceControl",
      "location" : "https://github.com/swiftlang/swift-syntax.git",
      "state" : {
        "revision" : "79e4b74a295b6eb74a8b585e3a39d29e70c1dbd1",
        "version" : "603.0.2"
      }
    }
  ],
  "version" : 3
}
