{
  "originHash" : "97676cc490f0cbf6aea494ff744d92ab80659ad4b691c206efa89f83103de8e7",
  "pins" : [
    {
      "identity" : "duet",
      "kind" : "remoteSourceControl",
      "location" : "https://github.com/modaal-agent/duet.git",
      "state" : {
        "revision" : "aa2b2cfe17ea544351514b41ea0aada5eebebf62",
        "version" : "0.2.1"
      }
    },
    {
      "identity" : "swift-syntax",
      "kind" : "remoteSourceControl",
      "location" : "https://github.com/swiftlang/swift-syntax.git",
      "state" : {
        "revision" : "79e4b74a295b6eb74a8b585e3a39d29e70c1dbd1",
        "version" : "603.0.2"
      }
    }
  ],
  "version" : 3
}
